{
  "lockfile_version": "1",
  "packages": {
    "air@latest": {
      "last_modified": "2026-08-27T07:16:00Z",
      "resolved": "github:NixOS/nixpkgs/c27cdad491a991b11ed731760aa2ef8db0cb0410#air",
      "source": "devbox-search",
      "version": "1.67.4",
      "systems": {
        "aarch64-darwin": {
          "outputs": [
            {
              "name": "out",
              "path": "/nix/store/43sna1rhfzhrqmympd3mqn1jshb662qj-air-1.67.4",
              "default": true
            }
          ],
          "store_path": "/nix/store/43sna1rhfzhrqmympd3mqn1jshb662qj-air-1.67.4"
        },
        "aarch64-linux": {
          "outputs": [
            {
              "name": "out",
              "path": "/nix/store/wmmjry367zinlq3l4i8w7gwhqdp7r96y-air-1.67.4",
              "default": true
            }
          ],
          "store_path": "/nix/store/wmmjry367zinlq3l4i8w7gwhqdp7r96y-air-1.67.4"
        },
        "x86_64-linux": {
          "outputs": [
            {
              "name": "out",
              "path": "/nix/store/fbj78nvp6p8sbm4f72x1653vqsgfh8ji-air-1.67.4",
              "default": true
            }
          ],
          "store_path": "/nix/store/fbj78nvp6p8sbm4f72x1653vqsgfh8ji-air-1.67.4"
        }
      }
    },
    "github:NixOS/nixpkgs/nixpkgs-unstable": {
      "last_modified": "2026-09-10T20:56:27Z",
      "resolved": "github:NixOS/nixpkgs/aff8a0b28396750446e5537a96461bc4facdb287?lastModified=1789073787"
    },
    "go-swag@latest": {
      "last_modified": "2026-08-27T07:16:00Z",
      "resolved": "github:NixOS/nixpkgs/c27cdad491a991b11ed731760aa2ef8db0cb0410#go-swag",
      "source": "devbox-search",
      "version": "1.16.6",
      "systems": {
        "aarch64-darwin": {
          "outputs": [
            {
              "name": "out",
              "path": "/nix/store/68rn5w9npjvqxipbhz22d4kzpm2xsk4b-go-swag-1.16.6",
              "default": true
            }
          ],
          "store_path": "/nix/store/68rn5w9npjvqxipbhz22d4kzpm2xsk4b-go-swag-1.16.6"
        },
        "aarch64-linux": {
          "outputs": [
            {
              "name": "out",
              "path": "/nix/store/rzi8wpfpw2kcs78idxkg8b6jhixzv979-go-swag-1.16.6",
              "default": true
            }
          ],
          "store_path": "/nix/store/rzi8wpfpw2kcs78idxkg8b6jhixzv979-go-swag-1.16.6"
        },
        "x86_64-darwin": {
          "outputs": [
            {
              "name": "out",
              "path": "/nix/store/6dk6cspqqx7lz0cjxnn6pbmq6ykizb0d-go-swag-1.16.6",
              "default": true
            }
          ],
          "store_path": "/nix/store/6dk6cspqqx7lz0cjxnn6pbmq6ykizb0d-go-swag-1.16.6"
        },
        "x86_64-linux": {
          "outputs": [
            {
              "name": "out",
              "path": "/nix/store/mpdif3ihsry7hgcc00cwqqk8anai0brs-go-swag-1.16.6",
              "default": true
            }
          ],
          "store_path": "/nix/store/mpdif3ihsry7hgcc00cwqqk8anai0brs-go-swag-1.16.6"
        }
      }
    },
    "go-task@latest": {
      "last_modified": "2026-08-27T07:16:00Z",
      "resolved": "github:NixOS/nixpkgs/c27cdad491a991b11ed731760aa2ef8db0cb0410#go-task",
      "source": "devbox-search",
      "version": "3.53.1",
      "systems": {
        "aarch64-darwin": {
          "outputs": [
            {
              "name": "out",
              "path": "/nix/store/2cp94m0qgih229db2yg2x30rwzrwdamk-go-task-3.53.1",
              "default": true
            }
          ],
          "store_path": "/nix/store/2cp94m0qgih229db2yg2x30rwzrwdamk-go-task-3.53.1"
        },
        "aarch64-linux": {
          "outputs": [
            {
              "name": "out",
              "path": "/nix/store/5wxmmkjhivk4lrx09acasbyffya5q640-go-task-3.53.1",
              "default": true
            }
          ],
          "store_path": "/nix/store/5wxmmkjhivk4lrx09acasbyffya5q640-go-task-3.53.1"
        },
        "x86_64-linux": {
          "outputs": [
            {
              "name": "out",
              "path": "/nix/store/bvzzl57kpmvzb6aj0v0yc45gvw8ggf2a-go-task-3.53.1",
              "default": true
            }
          ],
          "store_path": "/nix/store/bvzzl57kpmvzb6aj0v0yc45gvw8ggf2a-go-task-3.53.1"
        }
      }
    },
    "go@latest": {
      "last_modified": "2026-08-27T07:16:00Z",
      "resolved": "github:NixOS/nixpkgs/c27cdad491a991b11ed731760aa2ef8db0cb0410#go_1_27",
      "source": "devbox-search",
      "version": "1.27.0",
      "systems": {
        "aarch64-darwin": {
          "outputs": [
            {
              "name": "out",
              "path": "/nix/store/lz3qw52rpazqga73xgsqlj4qz1lgs4hg-go-1.27.0",
              "default": true
            }
          ],
          "store_path": "/nix/store/lz3qw52rpazqga73xgsqlj4qz1lgs4hg-go-1.27.0"
        },
        "aarch64-linux": {
          "outputs": [
            {
              "name": "out",
              "path": "/nix/store/zqjvg5805xkf6zsd8nrdvgbv58yw2phr-go-1.27.0",
              "default": true
            }
          ],
          "store_path": "/nix/store/zqjvg5805xkf6zsd8nrdvgbv58yw2phr-go-1.27.0"
        },
        "x86_64-linux": {
          "outputs": [
            {
              "name": "out",
              "path": "/nix/store/fibbp1k5gcpaxcin4dzk70yd056rfjhg-go-1.27.0",
              "default": true
            }
          ],
          "store_path": "/nix/store/fibbp1k5gcpaxcin4dzk70yd056rfjhg-go-1.27.0"
        }
      }
    },
    "golangci-lint@latest": {
      "last_modified": "2026-08-27T07:16:00Z",
      "resolved": "github:NixOS/nixpkgs/c27cdad491a991b11ed731760aa2ef8db0cb0410#golangci-lint",
      "source": "devbox-search",
      "version": "2.13.1",
      "systems": {
        "aarch64-darwin": {
          "outputs": [
            {
              "name": "out",
              "path": "/nix/store/vyl94dsc8a2vfpx0h9hs3ls3w9hfcyfa-golangci-lint-2.13.1",
              "default": true
            }
          ],
          "store_path": "/nix/store/vyl94dsc8a2vfpx0h9hs3ls3w9hfcyfa-golangci-lint-2.13.1"
        },
        "aarch64-linux": {
          "outputs": [
            {
              "name": "out",
              "path": "/nix/store/zg1nnbiiaiq65v0h4b22hqlqpqa8ja0j-golangci-lint-2.13.1",
              "default": true
            }
          ],
          "store_path": "/nix/store/zg1nnbiiaiq65v0h4b22hqlqpqa8ja0j-golangci-lint-2.13.1"
        },
        "x86_64-linux": {
          "outputs": [
            {
              "name": "out",
              "path": "/nix/store/sqm80s7p5kx9j4ia19rw3jy41ajx1v73-golangci-lint-2.13.1",
              "default": true
            }
          ],
          "store_path": "/nix/store/sqm80s7p5kx9j4ia19rw3jy41ajx1v73-golangci-lint-2.13.1"
        }
      }
    }
  }
}
